
Microsoft Visual Studio Solution File, Format Version 12.00
# Visual Studio Version 17
VisualStudioVersion = 17.4.33213.308
MinimumVisualStudioVersion = 10.0.40219.1
Project("{FAE04EC0-301F-11D3-BF4B-00C04F79EFBC}") = "DersModelYapisi", "DersModelYapisi\DersModelYapisi.csproj", "{EAFC5511-7079-49CD-AE93-FF164B1C8092}"
EndProject
Global
	GlobalSection(SolutionConfigurationPlatforms) = preSolution
		Debug|Any CPU = Debug|Any CPU
		Release|Any CPU = Release|Any CPU
	EndGlobalSection
	GlobalSection(ProjectConfigurationPlatforms) = postSolution
		{EAFC5511-7079-49CD-AE93-FF164B1C8092}.Debug|Any CPU.ActiveCfg = Debug|Any CPU
		{EAFC5511-7079-49CD-AE93-FF164B1C8092}.Debug|Any CPU.Build.0 = Debug|Any CPU
		{EAFC5511-7079-49CD-AE93-FF164B1C8092}.Release|Any CPU.ActiveCfg = Release|Any CPU
		{EAFC5511-7079-49CD-AE93-FF164B1C8092}.Release|Any CPU.Build.0 = Release|Any CPU
	EndGlobalSection
	GlobalSection(SolutionProperties) = preSolution
		HideSolutionNode = FALSE
	EndGlobalSection
	GlobalSection(ExtensibilityGlobals) = postSolution
		SolutionGuid = {DD346007-DADA-4643-AA75-6ADF88C98604}
	EndGlobalSection
EndGlobal
